// !$*UTF8*$!
{
	archiveVersion = 1;
	classes = {
	};
	objectVersion = 110;
	objects = {

/* Begin PBXContainerItemProxy section */
		3760C3E22FED8C8600F4ED11 /* PBXContainerItemProxy */ = {
			isa = PBXContainerItemProxy;
			containerPortal = 3760C3CA2FED8C8400F4ED11 /* Project object */;
			proxyType = 1;
			remoteGlobalIDString = 3760C3D12FED8C8400F4ED11;
			remoteInfo = TwendeZanzabar;
		};
		3760C3EC2FED8C8600F4ED11 /* PBXContainerItemProxy */ = {
			isa = PBXContainerItemProxy;
			containerPortal = 3760C3CA2FED8C8400F4ED11 /* Project object */;
			proxyType = 1;
			remoteGlobalIDString = 3760C3D12FED8C8400F4ED11;
			remoteInfo = TwendeZanzabar;
		};
/* End PBXContainerItemProxy section */

/* Begin PBXFileReference section */
		3760C3D22FED8C8400F4ED11 /* TwendeZanzabar.app */ = {isa = PBXFileReference; explicitFileType = wrapper.application; includeInIndex = 0; path = TwendeZanzabar.app; sourceTree = BUILT_PRODUCTS_DIR; };
		3760C3E12FED8C8600F4ED11 /* TwendeZanzabarTests.xctest */ = {isa = PBXFileReference; explicitFileType = wrapper.cfbundle; includeInIndex = 0; path = TwendeZanzabarTests.xctest; sourceTree = BUILT_PRODUCTS_DIR; };
		3760C3EB2FED8C8600F4ED11 /* TwendeZanzabarUITests.xctest */ = {isa = PBXFileReference; explicitFileType = wrapper.cfbundle; includeInIndex = 0; path = TwendeZanzabarUITests.xctest; sourceTree = BUILT_PRODUCTS_DIR; };
/* End PBXFileReference section */

/* Begin PBXFileSystemSynchronizedRootGroup section */
		3760C3D42FED8C8400F4ED11 /* TwendeZanzabar */ = {
			isa = PBXFileSystemSynchronizedRootGroup;
			path = TwendeZanzabar;
			sourceTree = "<group>";
		};
		3760C3E42FED8C8600F4ED11 /* TwendeZanzabarTests */ = {
			isa = PBXFileSystemSynchronizedRootGroup;
			path = TwendeZanzabarTests;
			sourceTree = "<group>";
		};
		3760C3EE2FED8C8600F4ED11 /* TwendeZanzabarUITests */ = {
			isa = PBXFileSystemSynchronizedRootGroup;
			path = TwendeZanzabarUITests;
			sourceTree = "<group>";
		};
/* End PBXFileSystemSynchronizedRootGroup section */

/* Begin PBXFrameworksBuildPhase section */
		3760C3CF2FED8C8400F4ED11 /* Frameworks */ = {
			isa = PBXFrameworksBuildPhase;
			files = (
			);
		};
		3760C3DE2FED8C8600F4ED11 /* Frameworks */ = {
			isa = PBXFrameworksBuildPhase;
			files = (
			);
		};
		3760C3E82FED8C8600F4ED11 /* Frameworks */ = {
			isa = PBXFrameworksBuildPhase;
			files = (
			);
		};
/* End PBXFrameworksBuildPhase section */

/* Begin PBXGroup section */
		3760C3C92FED8C8400F4ED11 = {
			isa = PBXGroup;
			children = (
				3760C3D42FED8C8400F4ED11 /* TwendeZanzabar */,
				3760C3E42FED8C8600F4ED11 /* TwendeZanzabarTests */,
				3760C3EE2FED8C8600F4ED11 /* TwendeZanzabarUITests */,
				3760C3D32FED8C8400F4ED11 /* Products */,
			);
			sourceTree = "<group>";
		};
		3760C3D32FED8C8400F4ED11 /* Products */ = {
			isa = PBXGroup;
			children = (
				3760C3D22FED8C8400F4ED11 /* TwendeZanzabar.app */,
				3760C3E12FED8C8600F4ED11 /* TwendeZanzabarTests.xctest */,
				3760C3EB2FED8C8600F4ED11 /* TwendeZanzabarUITests.xctest */,
			);
			name = Products;
			sourceTree = "<group>";
		};
/* End PBXGroup section */

/* Begin PBXNativeTarget section */
		3760C3D12FED8C8400F4ED11 /* TwendeZanzabar */ = {
			isa = PBXNativeTarget;
			buildConfigurationList = 3760C3F32FED8C8600F4ED11 /* Build configuration list for PBXNativeTarget "TwendeZanzabar" */;
			buildPhases = (
				3760C3CE2FED8C8400F4ED11 /* Sources */,
				3760C3CF2FED8C8400F4ED11 /* Frameworks */,
				3760C3D02FED8C8400F4ED11 /* Resources */,
			);
			buildRules = (
			);
			fileSystemSynchronizedGroups = (
				3760C3D42FED8C8400F4ED11 /* TwendeZanzabar */,
			);
			name = TwendeZanzabar;
			productName = TwendeZanzabar;
			productReference = 3760C3D22FED8C8400F4ED11 /* TwendeZanzabar.app */;
			productType = "com.apple.product-type.application";
		};
		3760C3E02FED8C8600F4ED11 /* TwendeZanzabarTests */ = {
			isa = PBXNativeTarget;
			buildConfigurationList = 3760C3F62FED8C8600F4ED11 /* Build configuration list for PBXNativeTarget "TwendeZanzabarTests" */;
			buildPhases = (
				3760C3DD2FED8C8600F4ED11 /* Sources */,
				3760C3DE2FED8C8600F4ED11 /* Frameworks */,
				3760C3DF2FED8C8600F4ED11 /* Resources */,
			);
			buildRules = (
			);
			dependencies = (
				3760C3E32FED8C8600F4ED11 /* PBXTargetDependency */,
			);
			fileSystemSynchronizedGroups = (
				3760C3E42FED8C8600F4ED11 /* TwendeZanzabarTests */,
			);
			name = TwendeZanzabarTests;
			productName = TwendeZanzabarTests;
			productReference = 3760C3E12FED8C8600F4ED11 /* TwendeZanzabarTests.xctest */;
			productType = "com.apple.product-type.bundle.unit-test";
		};
		3760C3EA2FED8C8600F4ED11 /* TwendeZanzabarUITests */ = {
			isa = PBXNativeTarget;
			buildConfigurationList = 3760C3F92FED8C8600F4ED11 /* Build configuration list for PBXNativeTarget "TwendeZanzabarUITests" */;
			buildPhases = (
				3760C3E72FED8C8600F4ED11 /* Sources */,
				3760C3E82FED8C8600F4ED11 /* Frameworks */,
				3760C3E92FED8C8600F4ED11 /* Resources */,
			);
			buildRules = (
			);
			dependencies = (
				3760C3ED2FED8C8600F4ED11 /* PBXTargetDependency */,
			);
			fileSystemSynchronizedGroups = (
				3760C3EE2FED8C8600F4ED11 /* TwendeZanzabarUITests */,
			);
			name = TwendeZanzabarUITests;
			productName = TwendeZanzabarUITests;
			productReference = 3760C3EB2FED8C8600F4ED11 /* TwendeZanzabarUITests.xctest */;
			productType = "com.apple.product-type.bundle.ui-testing";
		};
/* End PBXNativeTarget section */

/* Begin PBXProject section */
		3760C3CA2FED8C8400F4ED11 /* Project object */ = {
			isa = PBXProject;
			attributes = {
				BuildIndependentTargetsInParallel = 1;
				LastSwiftUpdateCheck = 2700;
				LastUpgradeCheck = 2700;
				TargetAttributes = {
					3760C3D12FED8C8400F4ED11 = {
						CreatedOnToolsVersion = 27.0;
					};
					3760C3E02FED8C8600F4ED11 = {
						CreatedOnToolsVersion = 27.0;
						TestTargetID = 3760C3D12FED8C8400F4ED11;
					};
					3760C3EA2FED8C8600F4ED11 = {
						CreatedOnToolsVersion = 27.0;
						TestTargetID = 3760C3D12FED8C8400F4ED11;
					};
				};
			};
			buildConfigurationList = 3760C3CD2FED8C8400F4ED11 /* Build configuration list for PBXProject "TwendeZanzabar" */;
			developmentRegion = en;
			hasScannedForEncodings = 0;
			knownRegions = (
				en,
				Base,
			);
			mainGroup = 3760C3C92FED8C8400F4ED11;
			minimizedProjectReferenceProxies = 1;
			preferredProjectObjectVersion = 77;
			productRefGroup = 3760C3D32FED8C8400F4ED11 /* Products */;
			projectDirPath = "";
			projectRoot = "";
			targets = (
				3760C3D12FED8C8400F4ED11 /* TwendeZanzabar */,
				3760C3E02FED8C8600F4ED11 /* TwendeZanzabarTests */,
				3760C3EA2FED8C8600F4ED11 /* TwendeZanzabarUITests */,
			);
		};
/* End PBXProject section */

/* Begin PBXResourcesBuildPhase section */
		3760C3D02FED8C8400F4ED11 /* Resources */ = {
			isa = PBXResourcesBuildPhase;
			files = (
			);
		};
		3760C3DF2FED8C8600F4ED11 /* Resources */ = {
			isa = PBXResourcesBuildPhase;
			files = (
			);
		};
		3760C3E92FED8C8600F4ED11 /* Resources */ = {
			isa = PBXResourcesBuildPhase;
			files = (
			);
		};
/* End PBXResourcesBuildPhase section */

/* Begin PBXSourcesBuildPhase section */
		3760C3CE2FED8C8400F4ED11 /* Sources */ = {
			isa = PBXSourcesBuildPhase;
			files = (
			);
		};
		3760C3DD2FED8C8600F4ED11 /* Sources */ = {
			isa = PBXSourcesBuildPhase;
			files = (
			);
		};
		3760C3E72FED8C8600F4ED11 /* Sources */ = {
			isa = PBXSourcesBuildPhase;
			files = (
			);
		};
/* End PBXSourcesBuildPhase section */

/* Begin PBXTargetDependency section */
		3760C3E32FED8C8600F4ED11 /* PBXTargetDependency */ = {
			isa = PBXTargetDependency;
			target = 3760C3D12FED8C8400F4ED11 /* TwendeZanzabar */;
			targetProxy = 3760C3E22FED8C8600F4ED11 /* PBXContainerItemProxy */;
		};
		3760C3ED2FED8C8600F4ED11 /* PBXTargetDependency */ = {
			isa = PBXTargetDependency;
			target = 3760C3D12FED8C8400F4ED11 /* TwendeZanzabar */;
			targetProxy = 3760C3EC2FED8C8600F4ED11 /* PBXContainerItemProxy */;
		};
/* End PBXTargetDependency section */

/* Begin XCBuildConfiguration section */
		3760C3F12FED8C8600F4ED11 /* Debug configuration for PBXProject "TwendeZanzabar" */ = {
			isa = XCBuildConfiguration;
			buildSettings = {
				ALWAYS_SEARCH_USER_PATHS = NO;
				ASSETCATALOG_COMPILER_GENERATE_SWIFT_ASSET_SYMBOL_EXTENSIONS = YES;
				CLANG_ANALYZER_NONNULL = YES;
				CLANG_ANALYZER_NUMBER_OBJECT_CONVERSION = YES_AGGRESSIVE;
				CLANG_CXX_LANGUAGE_STANDARD = "gnu++20";
				CLANG_ENABLE_MODULES = YES;
				CLANG_ENABLE_OBJC_ARC = YES;
				CLANG_ENABLE_OBJC_WEAK = YES;
				CLANG_WARN_BLOCK_CAPTURE_AUTORELEASING = YES;
				CLANG_WARN_BOOL_CONVERSION = YES;
				CLANG_WARN_COMMA = YES;
				CLANG_WARN_CONSTANT_CONVERSION = YES;
				CLANG_WARN_DEPRECATED_OBJC_IMPLEMENTATIONS = YES;
				CLANG_WARN_DIRECT_OBJC_ISA_USAGE = YES_ERROR;
				CLANG_WARN_DOCUMENTATION_COMMENTS = YES;
				CLANG_WARN_EMPTY_BODY = YES;
				CLANG_WARN_ENUM_CONVERSION = YES;
				CLANG_WARN_INFINITE_RECURSION = YES;
				CLANG_WARN_INT_CONVERSION = YES;
				CLANG_WARN_NON_LITERAL_NULL_CONVERSION = YES;
				CLANG_WARN_OBJC_IMPLICIT_RETAIN_SELF = YES;
				CLANG_WARN_OBJC_LITERAL_CONVERSION = YES;
				CLANG_WARN_OBJC_ROOT_CLASS = YES_ERROR;
				CLANG_WARN_QUOTED_INCLUDE_IN_FRAMEWORK_HEADER = YES;
				CLANG_WARN_RANGE_LOOP_ANALYSIS = YES;
				CLANG_WARN_STRICT_PROTOTYPES = YES;
				CLANG_WARN_SUSPICIOUS_MOVE = YES;
				CLANG_WARN_UNGUARDED_AVAILABILITY = YES_AGGRESSIVE;
				CLANG_WARN_UNREACHABLE_CODE = YES;
				CLANG_WARN__DUPLICATE_METHOD_MATCH = YES;
				COPY_PHASE_STRIP = NO;
				DEBUG_INFORMATION_FORMAT = dwarf;
				DEVELOPMENT_TEAM = ZX5H4FT3NV;
				ENABLE_STRICT_OBJC_MSGSEND = YES;
				ENABLE_TESTABILITY = YES;
				ENABLE_USER_SCRIPT_SANDBOXING = YES;
				GCC_C_LANGUAGE_STANDARD = gnu17;
				GCC_DYNAMIC_NO_PIC = NO;
				GCC_NO_COMMON_BLOCKS = YES;
				GCC_OPTIMIZATION_LEVEL = 0;
				GCC_PREPROCESSOR_DEFINITIONS = (
					"DEBUG=1",
					"$(inherited)",
				);
				GCC_WARN_64_TO_32_BIT_CONVERSION = YES;
				GCC_WARN_ABOUT_RETURN_TYPE = YES_ERROR;
				GCC_WARN_UNDECLARED_SELECTOR = YES;
				GCC_WARN_UNINITIALIZED_AUTOS = YES_AGGRESSIVE;
				GCC_WARN_UNUSED_FUNCTION = YES;
				GCC_WARN_UNUSED_VARIABLE = YES;
				IPHONEOS_DEPLOYMENT_TARGET = 27.0;
				LOCALIZATION_PREFERS_STRING_CATALOGS = YES;
				MTL_ENABLE_DEBUG_INFO = INCLUDE_SOURCE;
				MTL_FAST_MATH = YES;
				ONLY_ACTIVE_ARCH = YES;
				SDKROOT = iphoneos;
				SWIFT_ACTIVE_COMPILATION_CONDITIONS = "DEBUG $(inherited)";
				SWIFT_OPTIMIZATION_LEVEL = "-Onone";
			};
			name = Debug;
		};
		3760C3F22FED8C8600F4ED11 /* Release configuration for PBXProject "TwendeZanzabar" */ = {
			isa = XCBuildConfiguration;
			buildSettings = {
				ALWAYS_SEARCH_USER_PATHS = NO;
				ASSETCATALOG_COMPILER_GENERATE_SWIFT_ASSET_SYMBOL_EXTENSIONS = YES;
				CLANG_ANALYZER_NONNULL = YES;
				CLANG_ANALYZER_NUMBER_OBJECT_CONVERSION = YES_AGGRESSIVE;
				CLANG_CXX_LANGUAGE_STANDARD = "gnu++20";
				CLANG_ENABLE_MODULES = YES;
				CLANG_ENABLE_OBJC_ARC = YES;
				CLANG_ENABLE_OBJC_WEAK = YES;
				CLANG_WARN_BLOCK_CAPTURE_AUTORELEASING = YES;
				CLANG_WARN_BOOL_CONVERSION = YES;
				CLANG_WARN_COMMA = YES;
				CLANG_WARN_CONSTANT_CONVERSION = YES;
				CLANG_WARN_DEPRECATED_OBJC_IMPLEMENTATIONS = YES;
				CLANG_WARN_DIRECT_OBJC_ISA_USAGE = YES_ERROR;
				CLANG_WARN_DOCUMENTATION_COMMENTS = YES;
				CLANG_WARN_EMPTY_BODY = YES;
				CLANG_WARN_ENUM_CONVERSION = YES;
				CLANG_WARN_INFINITE_RECURSION = YES;
				CLANG_WARN_INT_CONVERSION = YES;
				CLANG_WARN_NON_LITERAL_NULL_CONVERSION = YES;
				CLANG_WARN_OBJC_IMPLICIT_RETAIN_SELF = YES;
				CLANG_WARN_OBJC_LITERAL_CONVERSION = YES;
				CLANG_WARN_OBJC_ROOT_CLASS = YES_ERROR;
				CLANG_WARN_QUOTED_INCLUDE_IN_FRAMEWORK_HEADER = YES;
				CLANG_WARN_RANGE_LOOP_ANALYSIS = YES;
				CLANG_WARN_STRICT_PROTOTYPES = YES;
				CLANG_WARN_SUSPICIOUS_MOVE = YES;
				CLANG_WARN_UNGUARDED_AVAILABILITY = YES_AGGRESSIVE;
				CLANG_WARN_UNREACHABLE_CODE = YES;
				CLANG_WARN__DUPLICATE_METHOD_MATCH = YES;
				COPY_PHASE_STRIP = NO;
				DEBUG_INFORMATION_FORMAT = "dwarf-with-dsym";
				DEVELOPMENT_TEAM = ZX5H4FT3NV;
				ENABLE_NS_ASSERTIONS = NO;
				ENABLE_STRICT_OBJC_MSGSEND = YES;
				ENABLE_USER_SCRIPT_SANDBOXING = YES;
				GCC_C_LANGUAGE_STANDARD = gnu17;
				GCC_NO_COMMON_BLOCKS = YES;
				GCC_WARN_64_TO_32_BIT_CONVERSION = YES;
				GCC_WARN_ABOUT_RETURN_TYPE = YES_ERROR;
				GCC_WARN_UNDECLARED_SELECTOR = YES;
				GCC_WARN_UNINITIALIZED_AUTOS = YES_AGGRESSIVE;
				GCC_WARN_UNUSED_FUNCTION = YES;
				GCC_WARN_UNUSED_VARIABLE = YES;
				IPHONEOS_DEPLOYMENT_TARGET = 27.0;
				LOCALIZATION_PREFERS_STRING_CATALOGS = YES;
				MTL_ENABLE_DEBUG_INFO = NO;
				MTL_FAST_MATH = YES;
				SDKROOT = iphoneos;
				SWIFT_COMPILATION_MODE = wholemodule;
				VALIDATE_PRODUCT = YES;
			};
			name = Release;
		};
		3760C3F42FED8C8600F4ED11 /* Debug configuration for PBXNativeTarget "TwendeZanzabar" */ = {
			isa = XCBuildConfiguration;
			buildSettings = {
				ASSETCATALOG_COMPILER_APPICON_NAME = AppIcon;
				ASSETCATALOG_COMPILER_GLOBAL_ACCENT_COLOR_NAME = AccentColor;
				CODE_SIGN_STYLE = Automatic;
				CURRENT_PROJECT_VERSION = 1;
				DEVELOPMENT_TEAM = ZX5H4FT3NV;
				ENABLE_PREVIEWS = YES;
				GENERATE_INFOPLIST_FILE = YES;
				INFOPLIST_KEY_UIApplicationSceneManifest_Generation = YES;
				INFOPLIST_KEY_UIApplicationSupportsIndirectInputEvents = YES;
				INFOPLIST_KEY_UILaunchScreen_Generation = YES;
				INFOPLIST_KEY_UISupportedInterfaceOrientations_iPad = "UIInterfaceOrientationPortrait UIInterfaceOrientationPortraitUpsideDown UIInterfaceOrientationLandscapeLeft UIInterfaceOrientationLandscapeRight";
				INFOPLIST_KEY_UISupportedInterfaceOrientations_iPhone = "UIInterfaceOrientationPortrait UIInterfaceOrientationLandscapeLeft UIInterfaceOrientationLandscapeRight";
				LD_RUNPATH_SEARCH_PATHS = (
					"$(inherited)",
					"@executable_path/Frameworks",
				);
				MARKETING_VERSION = 1.0;
				PRODUCT_BUNDLE_IDENTIFIER = com.square.TwendeZanzabar;
				PRODUCT_NAME = "$(TARGET_NAME)";
				STRING_CATALOG_GENERATE_SYMBOLS = YES;
				SWIFT_APPROACHABLE_CONCURRENCY = YES;
				SWIFT_DEFAULT_ACTOR_ISOLATION = MainActor;
				SWIFT_EMIT_LOC_STRINGS = YES;
				SWIFT_UPCOMING_FEATURE_MEMBER_IMPORT_VISIBILITY = YES;
				SWIFT_VERSION = 5.0;
				TARGETED_DEVICE_FAMILY = "1,2";
			};
			name = Debug;
		};
		3760C3F52FED8C8600F4ED11 /* Release configuration for PBXNativeTarget "TwendeZanzabar" */ = {
			isa = XCBuildConfiguration;
			buildSettings = {
				ASSETCATALOG_COMPILER_APPICON_NAME = AppIcon;
				ASSETCATALOG_COMPILER_GLOBAL_ACCENT_COLOR_NAME = AccentColor;
				CODE_SIGN_STYLE = Automatic;
				CURRENT_PROJECT_VERSION = 1;
				DEVELOPMENT_TEAM = ZX5H4FT3NV;
				ENABLE_PREVIEWS = YES;
				GENERATE_INFOPLIST_FILE = YES;
				INFOPLIST_KEY_UIApplicationSceneManifest_Generation = YES;
				INFOPLIST_KEY_UIApplicationSupportsIndirectInputEvents = YES;
				INFOPLIST_KEY_UILaunchScreen_Generation = YES;
				INFOPLIST_KEY_UISupportedInterfaceOrientations_iPad = "UIInterfaceOrientationPortrait UIInterfaceOrientationPortraitUpsideDown UIInterfaceOrientationLandscapeLeft UIInterfaceOrientationLandscapeRight";
				INFOPLIST_KEY_UISupportedInterfaceOrientations_iPhone = "UIInterfaceOrientationPortrait UIInterfaceOrientationLandscapeLeft UIInterfaceOrientationLandscapeRight";
				LD_RUNPATH_SEARCH_PATHS = (
					"$(inherited)",
					"@executable_path/Frameworks",
				);
				MARKETING_VERSION = 1.0;
				PRODUCT_BUNDLE_IDENTIFIER = com.square.TwendeZanzabar;
				PRODUCT_NAME = "$(TARGET_NAME)";
				STRING_CATALOG_GENERATE_SYMBOLS = YES;
				SWIFT_APPROACHABLE_CONCURRENCY = YES;
				SWIFT_DEFAULT_ACTOR_ISOLATION = MainActor;
				SWIFT_EMIT_LOC_STRINGS = YES;
				SWIFT_UPCOMING_FEATURE_MEMBER_IMPORT_VISIBILITY = YES;
				SWIFT_VERSION = 5.0;
				TARGETED_DEVICE_FAMILY = "1,2";
			};
			name = Release;
		};
		3760C3F72FED8C8600F4ED11 /* Debug configuration for PBXNativeTarget "TwendeZanzabarTests" */ = {
			isa = XCBuildConfiguration;
			buildSettings = {
				BUNDLE_LOADER = "$(TEST_HOST)";
				CODE_SIGN_STYLE = Automatic;
				CURRENT_PROJECT_VERSION = 1;
				DEVELOPMENT_TEAM = ZX5H4FT3NV;
				GENERATE_INFOPLIST_FILE = YES;
				IPHONEOS_DEPLOYMENT_TARGET = 27.0;
				MARKETING_VERSION = 1.0;
				PRODUCT_BUNDLE_IDENTIFIER = com.square.TwendeZanzabarTests;
				PRODUCT_NAME = "$(TARGET_NAME)";
				STRING_CATALOG_GENERATE_SYMBOLS = NO;
				SWIFT_APPROACHABLE_CONCURRENCY = YES;
				SWIFT_EMIT_LOC_STRINGS = NO;
				SWIFT_UPCOMING_FEATURE_MEMBER_IMPORT_VISIBILITY = YES;
				SWIFT_VERSION = 5.0;
				TARGETED_DEVICE_FAMILY = "1,2";
				TEST_HOST = "$(BUILT_PRODUCTS_DIR)/TwendeZanzabar.app/$(BUNDLE_EXECUTABLE_FOLDER_PATH)/TwendeZanzabar";
			};
			name = Debug;
		};
		3760C3F82FED8C8600F4ED11 /* Release configuration for PBXNativeTarget "TwendeZanzabarTests" */ = {
			isa = XCBuildConfiguration;
			buildSettings = {
				BUNDLE_LOADER = "$(TEST_HOST)";
				CODE_SIGN_STYLE = Automatic;
				CURRENT_PROJECT_VERSION = 1;
				DEVELOPMENT_TEAM = ZX5H4FT3NV;
				GENERATE_INFOPLIST_FILE = YES;
				IPHONEOS_DEPLOYMENT_TARGET = 27.0;
				MARKETING_VERSION = 1.0;
				PRODUCT_BUNDLE_IDENTIFIER = com.square.TwendeZanzabarTests;
				PRODUCT_NAME = "$(TARGET_NAME)";
				STRING_CATALOG_GENERATE_SYMBOLS = NO;
				SWIFT_APPROACHABLE_CONCURRENCY = YES;
				SWIFT_EMIT_LOC_STRINGS = NO;
				SWIFT_UPCOMING_FEATURE_MEMBER_IMPORT_VISIBILITY = YES;
				SWIFT_VERSION = 5.0;
				TARGETED_DEVICE_FAMILY = "1,2";
				TEST_HOST = "$(BUILT_PRODUCTS_DIR)/TwendeZanzabar.app/$(BUNDLE_EXECUTABLE_FOLDER_PATH)/TwendeZanzabar";
			};
			name = Release;
		};
		3760C3FA2FED8C8600F4ED11 /* Debug configuration for PBXNativeTarget "TwendeZanzabarUITests" */ = {
			isa = XCBuildConfiguration;
			buildSettings = {
				CODE_SIGN_STYLE = Automatic;
				CURRENT_PROJECT_VERSION = 1;
				DEVELOPMENT_TEAM = ZX5H4FT3NV;
				GENERATE_INFOPLIST_FILE = YES;
				MARKETING_VERSION = 1.0;
				PRODUCT_BUNDLE_IDENTIFIER = com.square.TwendeZanzabarUITests;
				PRODUCT_NAME = "$(TARGET_NAME)";
				STRING_CATALOG_GENERATE_SYMBOLS = NO;
				SWIFT_APPROACHABLE_CONCURRENCY = YES;
				SWIFT_EMIT_LOC_STRINGS = NO;
				SWIFT_UPCOMING_FEATURE_MEMBER_IMPORT_VISIBILITY = YES;
				SWIFT_VERSION = 5.0;
				TARGETED_DEVICE_FAMILY = "1,2";
				TEST_TARGET_NAME = TwendeZanzabar;
			};
			name = Debug;
		};
		3760C3FB2FED8C8600F4ED11 /* Release configuration for PBXNativeTarget "TwendeZanzabarUITests" */ = {
			isa = XCBuildConfiguration;
			buildSettings = {
				CODE_SIGN_STYLE = Automatic;
				CURRENT_PROJECT_VERSION = 1;
				DEVELOPMENT_TEAM = ZX5H4FT3NV;
				GENERATE_INFOPLIST_FILE = YES;
				MARKETING_VERSION = 1.0;
				PRODUCT_BUNDLE_IDENTIFIER = com.square.TwendeZanzabarUITests;
				PRODUCT_NAME = "$(TARGET_NAME)";
				STRING_CATALOG_GENERATE_SYMBOLS = NO;
				SWIFT_APPROACHABLE_CONCURRENCY = YES;
				SWIFT_EMIT_LOC_STRINGS = NO;
				SWIFT_UPCOMING_FEATURE_MEMBER_IMPORT_VISIBILITY = YES;
				SWIFT_VERSION = 5.0;
				TARGETED_DEVICE_FAMILY = "1,2";
				TEST_TARGET_NAME = TwendeZanzabar;
			};
			name = Release;
		};
/* End XCBuildConfiguration section */

/* Begin XCConfigurationList section */
		3760C3CD2FED8C8400F4ED11 /* Build configuration list for PBXProject "TwendeZanzabar" */ = {
			isa = XCConfigurationList;
			buildConfigurations = (
				3760C3F12FED8C8600F4ED11 /* Debug configuration for PBXProject "TwendeZanzabar" */,
				3760C3F22FED8C8600F4ED11 /* Release configuration for PBXProject "TwendeZanzabar" */,
			);
			defaultConfigurationName = Release;
		};
		3760C3F32FED8C8600F4ED11 /* Build configuration list for PBXNativeTarget "TwendeZanzabar" */ = {
			isa = XCConfigurationList;
			buildConfigurations = (
				3760C3F42FED8C8600F4ED11 /* Debug configuration for PBXNativeTarget "TwendeZanzabar" */,
				3760C3F52FED8C8600F4ED11 /* Release configuration for PBXNativeTarget "TwendeZanzabar" */,
			);
			defaultConfigurationName = Release;
		};
		3760C3F62FED8C8600F4ED11 /* Build configuration list for PBXNativeTarget "TwendeZanzabarTests" */ = {
			isa = XCConfigurationList;
			buildConfigurations = (
				3760C3F72FED8C8600F4ED11 /* Debug configuration for PBXNativeTarget "TwendeZanzabarTests" */,
				3760C3F82FED8C8600F4ED11 /* Release configuration for PBXNativeTarget "TwendeZanzabarTests" */,
			);
			defaultConfigurationName = Release;
		};
		3760C3F92FED8C8600F4ED11 /* Build configuration list for PBXNativeTarget "TwendeZanzabarUITests" */ = {
			isa = XCConfigurationList;
			buildConfigurations = (
				3760C3FA2FED8C8600F4ED11 /* Debug configuration for PBXNativeTarget "TwendeZanzabarUITests" */,
				3760C3FB2FED8C8600F4ED11 /* Release configuration for PBXNativeTarget "TwendeZanzabarUITests" */,
			);
			defaultConfigurationName = Release;
		};
/* End XCConfigurationList section */
	};
	rootObject = 3760C3CA2FED8C8400F4ED11 /* Project object */;
	validationLevel = 1;
}
